
Microsoft Visual Studio Solution File, Format Version 12.00
# Visual Studio 14
VisualStudioVersion = 14.0.23107.0
MinimumVisualStudioVersion = 10.0.40219.1
Project("{FAE04EC0-301F-11D3-BF4B-00C04F79EFBC}") = "FirstWebAPI", "FirstWebAPI\FirstWebAPI.csproj", "{1427CF44-F97A-45B1-B8C2-BDE92D0E3C5C}"
EndProject
Project("{FAE04EC0-301F-11D3-BF4B-00C04F79EFBC}") = "StudentsDataAccess", "StudebtsDataAccess\StudentsDataAccess.csproj", "{5E8A53C7-D1C5-427A-89C4-60D4BD0B976E}"
EndProject
Project("{FAE04EC0-301F-11D3-BF4B-00C04F79EFBC}") = "ClientApplication", "ClientApplication\ClientApplication.csproj", "{C63A5575-82A1-431E-8D29-4A300816B41D}"
EndProject
Project("{FAE04EC0-301F-11D3-BF4B-00C04F79EFBC}") = "StudentService", "StudentService\StudentService.csproj", "{D9F4DE58-2B13-4DD5-B66B-294A6F5FEFB4}"
EndProject
Global
	GlobalSection(SolutionConfigurationPlatforms) = preSolution
		Debug|Any CPU = Debug|Any CPU
		Release|Any CPU = Release|Any CPU
	EndGlobalSection
	GlobalSection(ProjectConfigurationPlatforms) = postSolution
		{1427CF44-F97A-45B1-B8C2-BDE92D0E3C5C}.Debug|Any CPU.ActiveCfg = Debug|Any CPU
		{1427CF44-F97A-45B1-B8C2-BDE92D0E3C5C}.Debug|Any CPU.Build.0 = Debug|Any CPU
		{1427CF44-F97A-45B1-B8C2-BDE92D0E3C5C}.Release|Any CPU.ActiveCfg = Release|Any CPU
		{1427CF44-F97A-45B1-B8C2-BDE92D0E3C5C}.Release|Any CPU.Build.0 = Release|Any CPU
		{5E8A53C7-D1C5-427A-89C4-60D4BD0B976E}.Debug|Any CPU.ActiveCfg = Debug|Any CPU
		{5E8A53C7-D1C5-427A-89C4-60D4BD0B976E}.Debug|Any CPU.Build.0 = Debug|Any CPU
		{5E8A53C7-D1C5-427A-89C4-60D4BD0B976E}.Release|Any CPU.ActiveCfg = Release|Any CPU
		{5E8A53C7-D1C5-427A-89C4-60D4BD0B976E}.Release|Any CPU.Build.0 = Release|Any CPU
		{C63A5575-82A1-431E-8D29-4A300816B41D}.Debug|Any CPU.ActiveCfg = Debug|Any CPU
		{C63A5575-82A1-431E-8D29-4A300816B41D}.Debug|Any CPU.Build.0 = Debug|Any CPU
		{C63A5575-82A1-431E-8D29-4A300816B41D}.Release|Any CPU.ActiveCfg = Release|Any CPU
		{C63A5575-82A1-431E-8D29-4A300816B41D}.Release|Any CPU.Build.0 = Release|Any CPU
		{D9F4DE58-2B13-4DD5-B66B-294A6F5FEFB4}.Debug|Any CPU.ActiveCfg = Debug|Any CPU
		{D9F4DE58-2B13-4DD5-B66B-294A6F5FEFB4}.Debug|Any CPU.Build.0 = Debug|Any CPU
		{D9F4DE58-2B13-4DD5-B66B-294A6F5FEFB4}.Release|Any CPU.ActiveCfg = Release|Any CPU
		{D9F4DE58-2B13-4DD5-B66B-294A6F5FEFB4}.Release|Any CPU.Build.0 = Release|Any CPU
	EndGlobalSection
	GlobalSection(SolutionProperties) = preSolution
		HideSolutionNode = FALSE
	EndGlobalSection
EndGlobal
